
Microsoft Visual Studio Solution File, Format Version 12.00
# Visual Studio Version 17
VisualStudioVersion = 17.4.32912.340
MinimumVisualStudioVersion = 10.0.40219.1
Project("{FAE04EC0-301F-11D3-BF4B-00C04F79EFBC}") = "Demo.AspDotNet.With.React", "Demo.AspDotNet.With.React\Demo.AspDotNet.With.React.csproj", "{CD4E8896-44FA-4490-BB15-D6F52EF6C00C}"
EndProject
Global
	GlobalSection(SolutionConfigurationPlatforms) = preSolution
		Debug|Any CPU = Debug|Any CPU
		Release|Any CPU = Release|Any CPU
	EndGlobalSection
	GlobalSection(ProjectConfigurationPlatforms) = postSolution
		{CD4E8896-44FA-4490-BB15-D6F52EF6C00C}.Debug|Any CPU.ActiveCfg = Debug|Any CPU
		{CD4E8896-44FA-4490-BB15-D6F52EF6C00C}.Debug|Any CPU.Build.0 = Debug|Any CPU
		{CD4E8896-44FA-4490-BB15-D6F52EF6C00C}.Release|Any CPU.ActiveCfg = Release|Any CPU
		{CD4E8896-44FA-4490-BB15-D6F52EF6C00C}.Release|Any CPU.Build.0 = Release|Any CPU
	EndGlobalSection
	GlobalSection(SolutionProperties) = preSolution
		HideSolutionNode = FALSE
	EndGlobalSection
	GlobalSection(ExtensibilityGlobals) = postSolution
		SolutionGuid = {94FC3C12-666A-4070-A201-9D35793829B7}
	EndGlobalSection
EndGlobal
